// !$*UTF8*$!
{
	archiveVersion = 1;
	classes = {
	};
	objectVersion = 50;
	objects = {

/* Begin PBXBuildFile section */
		5F5DFBE62286C91E00D14F1E /* main.cpp in Sources */ = {isa = PBXBuildFile; fileRef = 5F5DFBE52286C91E00D14F1E /* main.cpp */; };
		5F5DFBF32286E34D00D14F1E /* pointAveraging.cpp in Sources */ = {isa = PBXBuildFile; fileRef = 5F5DFBF12286E34D00D14F1E /* pointAveraging.cpp */; };
/* End PBXBuildFile section */

/* Begin PBXCopyFilesBuildPhase section */
		5F5DFBE02286C91E00D14F1E /* CopyFiles */ = {
			isa = PBXCopyFilesBuildPhase;
			buildActionMask = 2147483647;
			dstPath = /usr/share/man/man1/;
			dstSubfolderSpec = 0;
			files = (
			);
			runOnlyForDeploymentPostprocessing = 1;
		};
/* End PBXCopyFilesBuildPhase section */

/* Begin PBXFileReference section */
		5F5DFBE22286C91E00D14F1E /* dip */ = {isa = PBXFileReference; explicitFileType = "compiled.mach-o.executable"; includeInIndex = 0; path = dip; sourceTree = BUILT_PRODUCTS_DIR; };
		5F5DFBE52286C91E00D14F1E /* main.cpp */ = {isa = PBXFileReference; lastKnownFileType = sourcecode.cpp.cpp; path = main.cpp; sourceTree = "<group>"; };
		5F5DFBED2286CE6F00D14F1E /* 4.1.0 */ = {isa = PBXFileReference; lastKnownFileType = folder; name = 4.1.0; path = ../../../../usr/local/Cellar/opencv/4.1.0; sourceTree = "<group>"; };
		5F5DFBF02286D02500D14F1E /* info.plist */ = {isa = PBXFileReference; lastKnownFileType = text.plist.xml; name = info.plist; path = "../../Library/Developer/Xcode/DerivedData/dip-fuzywxfbxnbhrodkfkeowfnkgory/Build/Products/Debug/info.plist"; sourceTree = "<group>"; };
		5F5DFBF12286E34D00D14F1E /* pointAveraging.cpp */ = {isa = PBXFileReference; lastKnownFileType = sourcecode.cpp.cpp; path = pointAveraging.cpp; sourceTree = "<group>"; };
		5F5DFBF22286E34D00D14F1E /* pointAveraging.hpp */ = {isa = PBXFileReference; lastKnownFileType = sourcecode.cpp.h; path = pointAveraging.hpp; sourceTree = "<group>"; };
/* End PBXFileReference section */

/* Begin PBXFrameworksBuildPhase section */
		5F5DFBDF2286C91E00D14F1E /* Frameworks */ = {
			isa = PBXFrameworksBuildPhase;
			buildActionMask = 2147483647;
			files = (
			);
			runOnlyForDeploymentPostprocessing = 0;
		};
/* End PBXFrameworksBuildPhase section */

/* Begin PBXGroup section */
		5F5DFBD92286C91E00D14F1E = {
			isa = PBXGroup;
			children = (
				5F5DFBE42286C91E00D14F1E /* dip */,
				5F5DFBE32286C91E00D14F1E /* Products */,
				5F5DFBF02286D02500D14F1E /* info.plist */,
				5F5DFBEC2286CE6F00D14F1E /* Frameworks */,
			);
			sourceTree = "<group>";
		};
		5F5DFBE32286C91E00D14F1E /* Products */ = {
			isa = PBXGroup;
			children = (
				5F5DFBE22286C91E00D14F1E /* dip */,
			);
			name = Products;
			sourceTree = "<group>";
		};
		5F5DFBE42286C91E00D14F1E /* dip */ = {
			isa = PBXGroup;
			children = (
				5F5DFBE52286C91E00D14F1E /* main.cpp */,
				5F5DFBF12286E34D00D14F1E /* pointAveraging.cpp */,
				5F5DFBF22286E34D00D14F1E /* pointAveraging.hpp */,
			);
			path = dip;
			sourceTree = "<group>";
		};
		5F5DFBEC2286CE6F00D14F1E /* Frameworks */ = {
			isa = PBXGroup;
			children = (
				5F5DFBED2286CE6F00D14F1E /* 4.1.0 */,
			);
			name = Frameworks;
			sourceTree = "<group>";
		};
/* End PBXGroup section */

/* Begin PBXNativeTarget section */
		5F5DFBE12286C91E00D14F1E /* dip */ = {
			isa = PBXNativeTarget;
			buildConfigurationList = 5F5DFBE92286C91E00D14F1E /* Build configuration list for PBXNativeTarget "dip" */;
			buildPhases = (
				5F5DFBDE2286C91E00D14F1E /* Sources */,
				5F5DFBDF2286C91E00D14F1E /* Frameworks */,
				5F5DFBE02286C91E00D14F1E /* CopyFiles */,
			);
			buildRules = (
			);
			dependencies = (
			);
			name = dip;
			productName = dip;
			productReference = 5F5DFBE22286C91E00D14F1E /* dip */;
			productType = "com.apple.product-type.tool";
		};
/* End PBXNativeTarget section */

/* Begin PBXProject section */
		5F5DFBDA2286C91E00D14F1E /* Project object */ = {
			isa = PBXProject;
			attributes = {
				LastUpgradeCheck = 1020;
				ORGANIZATIONNAME = "Илья";
				TargetAttributes = {
					5F5DFBE12286C91E00D14F1E = {
						CreatedOnToolsVersion = 10.2;
					};
				};
			};
			buildConfigurationList = 5F5DFBDD2286C91E00D14F1E /* Build configuration list for PBXProject "dip" */;
			compatibilityVersion = "Xcode 9.3";
			developmentRegion = en;
			hasScannedForEncodings = 0;
			knownRegions = (
				en,
			);
			mainGroup = 5F5DFBD92286C91E00D14F1E;
			productRefGroup = 5F5DFBE32286C91E00D14F1E /* Products */;
			projectDirPath = "";
			projectRoot = "";
			targets = (
				5F5DFBE12286C91E00D14F1E /* dip */,
			);
		};
/* End PBXProject section */

/* Begin PBXSourcesBuildPhase section */
		5F5DFBDE2286C91E00D14F1E /* Sources */ = {
			isa = PBXSourcesBuildPhase;
			buildActionMask = 2147483647;
			files = (
				5F5DFBE62286C91E00D14F1E /* main.cpp in Sources */,
				5F5DFBF32286E34D00D14F1E /* pointAveraging.cpp in Sources */,
			);
			runOnlyForDeploymentPostprocessing = 0;
		};
/* End PBXSourcesBuildPhase section */

/* Begin XCBuildConfiguration section */
		5F5DFBE72286C91E00D14F1E /* Debug */ = {
			isa = XCBuildConfiguration;
			buildSettings = {
				ALWAYS_SEARCH_USER_PATHS = NO;
				CLANG_ANALYZER_NONNULL = YES;
				CLANG_ANALYZER_NUMBER_OBJECT_CONVERSION = YES_AGGRESSIVE;
				CLANG_CXX_LANGUAGE_STANDARD = "gnu++14";
				CLANG_CXX_LIBRARY = "libc++";
				CLANG_ENABLE_MODULES = YES;
				CLANG_ENABLE_OBJC_ARC = YES;
				CLANG_ENABLE_OBJC_WEAK = YES;
				CLANG_WARN_BLOCK_CAPTURE_AUTORELEASING = YES;
				CLANG_WARN_BOOL_CONVERSION = YES;
				CLANG_WARN_COMMA = YES;
				CLANG_WARN_CONSTANT_CONVERSION = YES;
				CLANG_WARN_DEPRECATED_OBJC_IMPLEMENTATIONS = YES;
				CLANG_WARN_DIRECT_OBJC_ISA_USAGE = YES_ERROR;
				CLANG_WARN_DOCUMENTATION_COMMENTS = YES;
				CLANG_WARN_EMPTY_BODY = YES;
				CLANG_WARN_ENUM_CONVERSION = YES;
				CLANG_WARN_INFINITE_RECURSION = YES;
				CLANG_WARN_INT_CONVERSION = YES;
				CLANG_WARN_NON_LITERAL_NULL_CONVERSION = YES;
				CLANG_WARN_OBJC_IMPLICIT_RETAIN_SELF = YES;
				CLANG_WARN_OBJC_LITERAL_CONVERSION = YES;
				CLANG_WARN_OBJC_ROOT_CLASS = YES_ERROR;
				CLANG_WARN_RANGE_LOOP_ANALYSIS = YES;
				CLANG_WARN_STRICT_PROTOTYPES = YES;
				CLANG_WARN_SUSPICIOUS_MOVE = YES;
				CLANG_WARN_UNGUARDED_AVAILABILITY = YES_AGGRESSIVE;
				CLANG_WARN_UNREACHABLE_CODE = YES;
				CLANG_WARN__DUPLICATE_METHOD_MATCH = YES;
				CODE_SIGN_IDENTITY = "Mac Developer";
				COPY_PHASE_STRIP = NO;
				DEBUG_INFORMATION_FORMAT = dwarf;
				ENABLE_STRICT_OBJC_MSGSEND = YES;
				ENABLE_TESTABILITY = YES;
				GCC_C_LANGUAGE_STANDARD = gnu11;
				GCC_DYNAMIC_NO_PIC = NO;
				GCC_NO_COMMON_BLOCKS = YES;
				GCC_OPTIMIZATION_LEVEL = 0;
				GCC_PREPROCESSOR_DEFINITIONS = (
					"DEBUG=1",
					"$(inherited)",
				);
				GCC_WARN_64_TO_32_BIT_CONVERSION = YES;
				GCC_WARN_ABOUT_RETURN_TYPE = YES_ERROR;
				GCC_WARN_UNDECLARED_SELECTOR = YES;
				GCC_WARN_UNINITIALIZED_AUTOS = YES_AGGRESSIVE;
				GCC_WARN_UNUSED_FUNCTION = YES;
				GCC_WARN_UNUSED_VARIABLE = YES;
				MACOSX_DEPLOYMENT_TARGET = 10.14;
				MTL_ENABLE_DEBUG_INFO = INCLUDE_SOURCE;
				MTL_FAST_MATH = YES;
				ONLY_ACTIVE_ARCH = YES;
				SDKROOT = macosx;
			};
			name = Debug;
		};
		5F5DFBE82286C91E00D14F1E /* Release */ = {
			isa = XCBuildConfiguration;
			buildSettings = {
				ALWAYS_SEARCH_USER_PATHS = NO;
				CLANG_ANALYZER_NONNULL = YES;
				CLANG_ANALYZER_NUMBER_OBJECT_CONVERSION = YES_AGGRESSIVE;
				CLANG_CXX_LANGUAGE_STANDARD = "gnu++14";
				CLANG_CXX_LIBRARY = "libc++";
				CLANG_ENABLE_MODULES = YES;
				CLANG_ENABLE_OBJC_ARC = YES;
				CLANG_ENABLE_OBJC_WEAK = YES;
				CLANG_WARN_BLOCK_CAPTURE_AUTORELEASING = YES;
				CLANG_WARN_BOOL_CONVERSION = YES;
				CLANG_WARN_COMMA = YES;
				CLANG_WARN_CONSTANT_CONVERSION = YES;
				CLANG_WARN_DEPRECATED_OBJC_IMPLEMENTATIONS = YES;
				CLANG_WARN_DIRECT_OBJC_ISA_USAGE = YES_ERROR;
				CLANG_WARN_DOCUMENTATION_COMMENTS = YES;
				CLANG_WARN_EMPTY_BODY = YES;
				CLANG_WARN_ENUM_CONVERSION = YES;
				CLANG_WARN_INFINITE_RECURSION = YES;
				CLANG_WARN_INT_CONVERSION = YES;
				CLANG_WARN_NON_LITERAL_NULL_CONVERSION = YES;
				CLANG_WARN_OBJC_IMPLICIT_RETAIN_SELF = YES;
				CLANG_WARN_OBJC_LITERAL_CONVERSION = YES;
				CLANG_WARN_OBJC_ROOT_CLASS = YES_ERROR;
				CLANG_WARN_RANGE_LOOP_ANALYSIS = YES;
				CLANG_WARN_STRICT_PROTOTYPES = YES;
				CLANG_WARN_SUSPICIOUS_MOVE = YES;
				CLANG_WARN_UNGUARDED_AVAILABILITY = YES_AGGRESSIVE;
				CLANG_WARN_UNREACHABLE_CODE = YES;
				CLANG_WARN__DUPLICATE_METHOD_MATCH = YES;
				CODE_SIGN_IDENTITY = "Mac Developer";
				COPY_PHASE_STRIP = NO;
				DEBUG_INFORMATION_FORMAT = "dwarf-with-dsym";
				ENABLE_NS_ASSERTIONS = NO;
				ENABLE_STRICT_OBJC_MSGSEND = YES;
				GCC_C_LANGUAGE_STANDARD = gnu11;
				GCC_NO_COMMON_BLOCKS = YES;
				GCC_WARN_64_TO_32_BIT_CONVERSION = YES;
				GCC_WARN_ABOUT_RETURN_TYPE = YES_ERROR;
				GCC_WARN_UNDECLARED_SELECTOR = YES;
				GCC_WARN_UNINITIALIZED_AUTOS = YES_AGGRESSIVE;
				GCC_WARN_UNUSED_FUNCTION = YES;
				GCC_WARN_UNUSED_VARIABLE = YES;
				MACOSX_DEPLOYMENT_TARGET = 10.14;
				MTL_ENABLE_DEBUG_INFO = NO;
				MTL_FAST_MATH = YES;
				SDKROOT = macosx;
			};
			name = Release;
		};
		5F5DFBEA2286C91E00D14F1E /* Debug */ = {
			isa = XCBuildConfiguration;
			buildSettings = {
				CODE_SIGN_STYLE = Automatic;
				DEVELOPMENT_TEAM = 5MY5EM6262;
				HEADER_SEARCH_PATHS = "/usr/local/Cellar/opencv/4.1.0_2/include/**";
				LIBRARY_SEARCH_PATHS = "/usr/local/Cellar/opencv/4.1.0_2/lib/**";
				OTHER_LDFLAGS = (
					"-lopencv_calib3d",
					"-lopencv_core",
					"-lopencv_features2d",
					"-lopencv_flann",
					"-lopencv_highgui",
					"-lopencv_imgcodecs",
					"-lopencv_imgproc",
					"-lopencv_ml",
					"-lopencv_objdetect",
					"-lopencv_photo",
					"-lopencv_shape",
					"-lopencv_stitching",
					"-lopencv_superres",
					"-lopencv_video",
					"-lopencv_videoio",
					"-lopencv_videostab",
					"-lopencv_face",
				);
				PRODUCT_NAME = "$(TARGET_NAME)";
			};
			name = Debug;
		};
		5F5DFBEB2286C91E00D14F1E /* Release */ = {
			isa = XCBuildConfiguration;
			buildSettings = {
				CODE_SIGN_STYLE = Automatic;
				DEVELOPMENT_TEAM = 5MY5EM6262;
				HEADER_SEARCH_PATHS = "/usr/local/Cellar/opencv/4.1.0_2/include/**";
				LIBRARY_SEARCH_PATHS = "/usr/local/Cellar/opencv/4.1.0_2/lib/**";
				OTHER_LDFLAGS = (
					"-lopencv_calib3d",
					"-lopencv_core",
					"-lopencv_features2d",
					"-lopencv_flann",
					"-lopencv_highgui",
					"-lopencv_imgcodecs",
					"-lopencv_imgproc",
					"-lopencv_ml",
					"-lopencv_objdetect",
					"-lopencv_photo",
					"-lopencv_shape",
					"-lopencv_stitching",
					"-lopencv_superres",
					"-lopencv_video",
					"-lopencv_videoio",
					"-lopencv_videostab",
					"-lopencv_face",
				);
				PRODUCT_NAME = "$(TARGET_NAME)";
			};
			name = Release;
		};
/* End XCBuildConfiguration section */

/* Begin XCConfigurationList section */
		5F5DFBDD2286C91E00D14F1E /* Build configuration list for PBXProject "dip" */ = {
			isa = XCConfigurationList;
			buildConfigurations = (
				5F5DFBE72286C91E00D14F1E /* Debug */,
				5F5DFBE82286C91E00D14F1E /* Release */,
			);
			defaultConfigurationIsVisible = 0;
			defaultConfigurationName = Release;
		};
		5F5DFBE92286C91E00D14F1E /* Build configuration list for PBXNativeTarget "dip" */ = {
			isa = XCConfigurationList;
			buildConfigurations = (
				5F5DFBEA2286C91E00D14F1E /* Debug */,
				5F5DFBEB2286C91E00D14F1E /* Release */,
			);
			defaultConfigurationIsVisible = 0;
			defaultConfigurationName = Release;
		};
/* End XCConfigurationList section */
	};
	rootObject = 5F5DFBDA2286C91E00D14F1E /* Project object */;
}
